
Microsoft Visual Studio Solution File, Format Version 12.00
# Visual Studio Version 16
VisualStudioVersion = 16.0.30114.105
MinimumVisualStudioVersion = 10.0.40219.1
Project("{FAE04EC0-301F-11D3-BF4B-00C04F79EFBC}") = "API", "API\API.csproj", "{1657E596-02AB-4932-9715-1F6B6D18D97B}"
EndProject
Project("{FAE04EC0-301F-11D3-BF4B-00C04F79EFBC}") = "API.Tests", "API.Tests\API.Tests.csproj", "{6CA77040-B8D4-4926-8BEA-86E9FD73029F}"
EndProject
Project("{FAE04EC0-301F-11D3-BF4B-00C04F79EFBC}") = "Shop", "Shop\Shop.csproj", "{946AE7DF-A484-4264-8BD1-6E6218FD5292}"
EndProject
Project("{FAE04EC0-301F-11D3-BF4B-00C04F79EFBC}") = "DatingApp.Automation.Tests", "DatingApp.Automation.Tests\DatingApp.Automation.Tests.csproj", "{9E34CD77-624E-4DB8-9283-8BCE4FFEA857}"
EndProject
Global
	GlobalSection(SolutionConfigurationPlatforms) = preSolution
		Debug|Any CPU = Debug|Any CPU
		Release|Any CPU = Release|Any CPU
	EndGlobalSection
	GlobalSection(SolutionProperties) = preSolution
		HideSolutionNode = FALSE
	EndGlobalSection
	GlobalSection(ProjectConfigurationPlatforms) = postSolution
		{1657E596-02AB-4932-9715-1F6B6D18D97B}.Debug|Any CPU.ActiveCfg = Debug|Any CPU
		{1657E596-02AB-4932-9715-1F6B6D18D97B}.Debug|Any CPU.Build.0 = Debug|Any CPU
		{1657E596-02AB-4932-9715-1F6B6D18D97B}.Release|Any CPU.ActiveCfg = Release|Any CPU
		{1657E596-02AB-4932-9715-1F6B6D18D97B}.Release|Any CPU.Build.0 = Release|Any CPU
		{6CA77040-B8D4-4926-8BEA-86E9FD73029F}.Debug|Any CPU.ActiveCfg = Debug|Any CPU
		{6CA77040-B8D4-4926-8BEA-86E9FD73029F}.Debug|Any CPU.Build.0 = Debug|Any CPU
		{6CA77040-B8D4-4926-8BEA-86E9FD73029F}.Release|Any CPU.ActiveCfg = Release|Any CPU
		{6CA77040-B8D4-4926-8BEA-86E9FD73029F}.Release|Any CPU.Build.0 = Release|Any CPU
		{946AE7DF-A484-4264-8BD1-6E6218FD5292}.Debug|Any CPU.ActiveCfg = Debug|Any CPU
		{946AE7DF-A484-4264-8BD1-6E6218FD5292}.Debug|Any CPU.Build.0 = Debug|Any CPU
		{946AE7DF-A484-4264-8BD1-6E6218FD5292}.Release|Any CPU.ActiveCfg = Release|Any CPU
		{946AE7DF-A484-4264-8BD1-6E6218FD5292}.Release|Any CPU.Build.0 = Release|Any CPU
		{9E34CD77-624E-4DB8-9283-8BCE4FFEA857}.Debug|Any CPU.ActiveCfg = Debug|Any CPU
		{9E34CD77-624E-4DB8-9283-8BCE4FFEA857}.Debug|Any CPU.Build.0 = Debug|Any CPU
		{9E34CD77-624E-4DB8-9283-8BCE4FFEA857}.Release|Any CPU.ActiveCfg = Release|Any CPU
		{9E34CD77-624E-4DB8-9283-8BCE4FFEA857}.Release|Any CPU.Build.0 = Release|Any CPU
	EndGlobalSection
EndGlobal
